{
  "name": "angularTDD",
  "lockfileVersion": 2,
  "requires": true,
  "packages": {
    "": {
      "dependencies": {
        "jquery": "^3.6.0",
        "uikit": "^3.15.0"
      }
    },
    "node_modules/jquery": {
      "version": "3.6.0",
      "resolved": "https://registry.npmjs.org/jquery/-/jquery-3.6.0.tgz",
      "integrity": "sha512-JVzAR/AjBvVt2BmYhxRCSYysDsPcssdmTFnzyLEts9qNwmjmu4JTAMYubEfwVOSwpQ1I1sKKFcxhZCI2buerfw=="
    },
    "node_modules/uikit": {
      "version": "3.15.0",
      "resolved": "https://registry.npmjs.org/uikit/-/uikit-3.15.0.tgz",
      "integrity": "sha512-NsVX/7aunJl5p7CkuBLCdD5FetbuysvOCrmyW66QUfi8Ai0h22y3LPAyJNQ/zmzNv27Iem4JpT9iBR9wAhmVNg=="
    }
  },
  "dependencies": {
    "jquery": {
      "version": "3.6.0",
      "resolved": "https://registry.npmjs.org/jquery/-/jquery-3.6.0.tgz",
      "integrity": "sha512-JVzAR/AjBvVt2BmYhxRCSYysDsPcssdmTFnzyLEts9qNwmjmu4JTAMYubEfwVOSwpQ1I1sKKFcxhZCI2buerfw=="
    },
    "uikit": {
      "version": "3.15.0",
      "resolved": "https://registry.npmjs.org/uikit/-/uikit-3.15.0.tgz",
      "integrity": "sha512-NsVX/7aunJl5p7CkuBLCdD5FetbuysvOCrmyW66QUfi8Ai0h22y3LPAyJNQ/zmzNv27Iem4JpT9iBR9wAhmVNg=="
    }
  }
}
